
Microsoft Visual Studio Solution File, Format Version 12.00
# Visual Studio 2012
Project("{FAE04EC0-301F-11D3-BF4B-00C04F79EFBC}") = "GeometryFriendsAgents", "GeometryFriendsAgents.csproj", "{6F45AB29-7874-4B3D-8073-B2D5F0C1A35F}"
EndProject
Global
	GlobalSection(SolutionConfigurationPlatforms) = preSolution
		Debug|Any CPU = Debug|Any CPU
		Debug|Mixed Platforms = Debug|Mixed Platforms
		Debug|x86 = Debug|x86
		Release|Any CPU = Release|Any CPU
		Release|Mixed Platforms = Release|Mixed Platforms
		Release|x86 = Release|x86
	EndGlobalSection
	GlobalSection(ProjectConfigurationPlatforms) = postSolution
		{6F45AB29-7874-4B3D-8073-B2D5F0C1A35F}.Debug|Any CPU.ActiveCfg = Debug|Any CPU
		{6F45AB29-7874-4B3D-8073-B2D5F0C1A35F}.Debug|Any CPU.Build.0 = Debug|Any CPU
		{6F45AB29-7874-4B3D-8073-B2D5F0C1A35F}.Debug|Mixed Platforms.ActiveCfg = Debug|Any CPU
		{6F45AB29-7874-4B3D-8073-B2D5F0C1A35F}.Debug|Mixed Platforms.Build.0 = Debug|Any CPU
		{6F45AB29-7874-4B3D-8073-B2D5F0C1A35F}.Debug|x86.ActiveCfg = Debug|Any CPU
		{6F45AB29-7874-4B3D-8073-B2D5F0C1A35F}.Release|Any CPU.ActiveCfg = Release|Any CPU
		{6F45AB29-7874-4B3D-8073-B2D5F0C1A35F}.Release|Any CPU.Build.0 = Release|Any CPU
		{6F45AB29-7874-4B3D-8073-B2D5F0C1A35F}.Release|Mixed Platforms.ActiveCfg = Release|Any CPU
		{6F45AB29-7874-4B3D-8073-B2D5F0C1A35F}.Release|Mixed Platforms.Build.0 = Release|Any CPU
		{6F45AB29-7874-4B3D-8073-B2D5F0C1A35F}.Release|x86.ActiveCfg = Release|Any CPU
	EndGlobalSection
	GlobalSection(SolutionProperties) = preSolution
		HideSolutionNode = FALSE
	EndGlobalSection
EndGlobal
